
Microsoft Visual Studio Solution File, Format Version 12.00
# Visual Studio Version 16
VisualStudioVersion = 16.0.28729.10
MinimumVisualStudioVersion = 10.0.40219.1
Project("{2150E333-8FDC-42A3-9474-1A3956D46DE8}") = "src", "src", "{A9836F9E-6DB3-4D9F-ADCA-CF42D8C8BA93}"
	ProjectSection(SolutionItems) = preProject
		..\Directory.Build.props = ..\Directory.Build.props
		..\Directory.Build.targets = ..\Directory.Build.targets
		..\Runtime.msbuild = ..\Runtime.msbuild
		..\Runtime.xunit = ..\Runtime.xunit
	EndProjectSection
EndProject
Project("{2150E333-8FDC-42A3-9474-1A3956D46DE8}") = "test", "test", "{C40883CD-366D-4534-8B58-3EA0D13136DF}"
EndProject
Project("{9A19103F-16F7-4668-BE54-9A1E7A4F7556}") = "System.Web.Razor", "..\src\System.Web.Razor\System.Web.Razor.csproj", "{8F18041B-9410-4C36-A9C5-067813DF5F31}"
EndProject
Project("{FAE04EC0-301F-11D3-BF4B-00C04F79EFBC}") = "System.Web.WebPages.Deployment", "..\src\System.Web.WebPages.Deployment\System.Web.WebPages.Deployment.csproj", "{22BABB60-8F02-4027-AFFC-ACF069954536}"
EndProject
Project("{FAE04EC0-301F-11D3-BF4B-00C04F79EFBC}") = "System.Web.WebPages", "..\src\System.Web.WebPages\System.Web.WebPages.csproj", "{76EFA9C5-8D7E-4FDF-B710-E20F8B6B00D2}"
EndProject
Project("{FAE04EC0-301F-11D3-BF4B-00C04F79EFBC}") = "System.Web.Helpers", "..\src\System.Web.Helpers\System.Web.Helpers.csproj", "{9B7E3740-6161-4548-833C-4BBCA43B970E}"
EndProject
Project("{FAE04EC0-301F-11D3-BF4B-00C04F79EFBC}") = "System.Web.WebPages.Razor", "..\src\System.Web.WebPages.Razor\System.Web.WebPages.Razor.csproj", "{0939B11A-FE4E-4BA1-8AD6-D97741EE314F}"
EndProject
Project("{FAE04EC0-301F-11D3-BF4B-00C04F79EFBC}") = "Microsoft.Web.Helpers", "..\src\Microsoft.Web.Helpers\Microsoft.Web.Helpers.csproj", "{0C7CE809-0F72-4C19-8C64-D6573E4D9521}"
EndProject
Project("{FAE04EC0-301F-11D3-BF4B-00C04F79EFBC}") = "System.Web.WebPages.Administration", "..\src\System.Web.WebPages.Administration\System.Web.WebPages.Administration.csproj", "{C23F02FC-4538-43F5-ABBA-38BA069AEA8F}"
EndProject
Project("{FAE04EC0-301F-11D3-BF4B-00C04F79EFBC}") = "System.Web.Mvc", "..\src\System.Web.Mvc\System.Web.Mvc.csproj", "{3D3FFD8A-624D-4E9B-954B-E1C105507975}"
EndProject
Project("{FAE04EC0-301F-11D3-BF4B-00C04F79EFBC}") = "Microsoft.Web.Mvc", "..\src\Microsoft.Web.Mvc\Microsoft.Web.Mvc.csproj", "{D3CF7430-6DA4-42B0-BD90-CA39D16687B2}"
EndProject
Project("{9A19103F-16F7-4668-BE54-9A1E7A4F7556}") = "System.Web.Razor.Test", "System.Web.Razor.Test\System.Web.Razor.Test.csproj", "{0BB62A1D-E6B5-49FA-9E3C-6AF679A66DFE}"
EndProject
Project("{FAE04EC0-301F-11D3-BF4B-00C04F79EFBC}") = "System.Web.WebPages.Deployment.Test", "System.Web.WebPages.Deployment.Test\System.Web.WebPages.Deployment.Test.csproj", "{268DEE9D-F323-4A00-8ED8-3784388C3E3A}"
EndProject
Project("{FAE04EC0-301F-11D3-BF4B-00C04F79EFBC}") = "System.Web.WebPages.Test", "System.Web.WebPages.Test\System.Web.WebPages.Test.csproj", "{0F4870DB-A799-4DBA-99DF-0D74BB52FEC2}"
EndProject
Project("{FAE04EC0-301F-11D3-BF4B-00C04F79EFBC}") = "System.Web.Helpers.Test", "System.Web.Helpers.Test\System.Web.Helpers.Test.csproj", "{D3313BDF-8071-4AC8-9D98-ABF7F9E88A57}"
EndProject
Project("{FAE04EC0-301F-11D3-BF4B-00C04F79EFBC}") = "System.Web.WebPages.Razor.Test", "System.Web.WebPages.Razor.Test\System.Web.WebPages.Razor.Test.csproj", "{66A74F3C-A106-4C1E-BAA0-001908FEA2CA}"
EndProject
Project("{FAE04EC0-301F-11D3-BF4B-00C04F79EFBC}") = "Microsoft.Web.Helpers.Test", "Microsoft.Web.Helpers.Test\Microsoft.Web.Helpers.Test.csproj", "{2C653A66-8159-4A41-954F-A67915DFDA87}"
EndProject
Project("{FAE04EC0-301F-11D3-BF4B-00C04F79EFBC}") = "System.Web.Mvc.Test", "System.Web.Mvc.Test\System.Web.Mvc.Test.csproj", "{8AC2A2E4-2F11-4D40-A887-62E2583A65E6}"
EndProject
Project("{FAE04EC0-301F-11D3-BF4B-00C04F79EFBC}") = "Microsoft.Web.Mvc.Test", "Microsoft.Web.Mvc.Test\Microsoft.Web.Mvc.Test.csproj", "{6C28DA70-60F1-4442-967F-591BF3962EC5}"
EndProject
Project("{9A19103F-16F7-4668-BE54-9A1E7A4F7556}") = "System.Web.Http", "..\src\System.Web.Http\System.Web.Http.csproj", "{DDC1CE0C-486E-4E35-BB3B-EAB61F8F9440}"
EndProject
Project("{9A19103F-16F7-4668-BE54-9A1E7A4F7556}") = "System.Web.Http.Test", "System.Web.Http.Test\System.Web.Http.Test.csproj", "{7F2C796F-43B2-4F8F-ABFF-A154EC8AAFA1}"
EndProject
Project("{FAE04EC0-301F-11D3-BF4B-00C04F79EFBC}") = "System.Json", "..\src\System.Json\System.Json.csproj", "{F0441BE9-BDC0-4629-BE5A-8765FFAA2481}"
EndProject
Project("{9A19103F-16F7-4668-BE54-9A1E7A4F7556}") = "System.Net.Http.Formatting", "..\src\System.Net.Http.Formatting\System.Net.Http.Formatting.csproj", "{668E9021-CE84-49D9-98FB-DF125A9FCDB0}"
EndProject
Project("{9A19103F-16F7-4668-BE54-9A1E7A4F7556}") = "Microsoft.TestCommon", "Microsoft.TestCommon\Microsoft.TestCommon.csproj", "{FCCC4CB7-BAF7-4A57-9F89-E5766FE536C0}"
EndProject
Project("{FAE04EC0-301F-11D3-BF4B-00C04F79EFBC}") = "System.Json.Test.Unit", "System.Json.Test.Unit\System.Json.Test.Unit.csproj", "{EB09CD33-992B-4A31-AB95-8673BA90F1CD}"
EndProject
Project("{9A19103F-16F7-4668-BE54-9A1E7A4F7556}") = "System.Net.Http.Formatting.Test.Unit", "System.Net.Http.Formatting.Test.Unit\System.Net.Http.Formatting.Test.Unit.csproj", "{7AF77741-9158-4D5F-8782-8F21FADF025F}"
EndProject
Project("{FAE04EC0-301F-11D3-BF4B-00C04F79EFBC}") = "System.Json.Test.Integration", "System.Json.Test.Integration\System.Json.Test.Integration.csproj", "{A7B1264E-BCE5-42A8-8B5E-001A5360B128}"
EndProject
Project("{FAE04EC0-301F-11D3-BF4B-00C04F79EFBC}") = "System.Net.Http.Formatting.Test.Integration", "System.Net.Http.Formatting.Test.Integration\System.Net.Http.Formatting.Test.Integration.csproj", "{6C18CC83-1E4C-42D2-B93E-55D6C363850C}"
EndProject
Project("{FAE04EC0-301F-11D3-BF4B-00C04F79EFBC}") = "System.Web.Http.SelfHost", "..\src\System.Web.Http.SelfHost\System.Web.Http.SelfHost.csproj", "{66492E69-CE4C-4FB1-9B1F-88DEE09D06F1}"
EndProject
Project("{FAE04EC0-301F-11D3-BF4B-00C04F79EFBC}") = "System.Web.Http.WebHost", "..\src\System.Web.Http.WebHost\System.Web.Http.WebHost.csproj", "{A0187BC2-8325-4BB2-8697-7F955CF4173E}"
EndProject
Project("{FAE04EC0-301F-11D3-BF4B-00C04F79EFBC}") = "Microsoft.Web.Http.Data", "..\src\Microsoft.Web.Http.Data\Microsoft.Web.Http.Data.csproj", "{ACE91549-D86E-4EB6-8C2A-5FF51386BB68}"
EndProject
Project("{FAE04EC0-301F-11D3-BF4B-00C04F79EFBC}") = "Microsoft.Web.Http.Data.Test", "Microsoft.Web.Http.Data.Test\Microsoft.Web.Http.Data.Test.csproj", "{81876811-6C36-492A-9609-F0E85990FBC9}"
EndProject
Project("{FAE04EC0-301F-11D3-BF4B-00C04F79EFBC}") = "System.Web.Http.Integration.Test", "System.Web.Http.Integration.Test\System.Web.Http.Integration.Test.csproj", "{3267DFC6-B34D-4011-BC0F-D3B56AF6F608}"
EndProject
Project("{FAE04EC0-301F-11D3-BF4B-00C04F79EFBC}") = "System.Web.Http.WebHost.Test", "System.Web.Http.WebHost.Test\System.Web.Http.WebHost.Test.csproj", "{EA62944F-BD25-4730-9405-9BE8FF5BEACD}"
EndProject
Project("{FAE04EC0-301F-11D3-BF4B-00C04F79EFBC}") = "Microsoft.Web.Http.Data.Helpers", "..\src\Microsoft.Web.Http.Data.Helpers\Microsoft.Web.Http.Data.Helpers.csproj", "{B6895A1B-382F-4A69-99EC-E965E19B0AB3}"
EndProject
Project("{FAE04EC0-301F-11D3-BF4B-00C04F79EFBC}") = "SPA", "..\src\SPA\SPA.csproj", "{1ACEF677-B6A0-4680-A076-7893DE176D6B}"
EndProject
Project("{FAE04EC0-301F-11D3-BF4B-00C04F79EFBC}") = "Microsoft.Web.WebPages.OAuth", "..\src\Microsoft.Web.WebPages.OAuth\Microsoft.Web.WebPages.OAuth.csproj", "{4CBFC7D3-1600-4CE5-BC6B-AC7BC2D6F853}"
EndProject
Project("{FAE04EC0-301F-11D3-BF4B-00C04F79EFBC}") = "Microsoft.Web.WebPages.OAuth.Test", "Microsoft.Web.WebPages.OAuth.Test\Microsoft.Web.WebPages.OAuth.Test.csproj", "{694C6EDF-EA52-438F-B745-82B025ECC0E7}"
EndProject
Project("{FAE04EC0-301F-11D3-BF4B-00C04F79EFBC}") = "System.Web.Http.SelfHost.Test", "System.Web.Http.SelfHost.Test\System.Web.Http.SelfHost.Test.csproj", "{7F29EE87-6A63-43C6-B7FF-74DD06815830}"
EndProject
Project("{2150E333-8FDC-42A3-9474-1A3956D46DE8}") = "Mvc", "Mvc", "{C6BB435D-3220-4569-AF15-265C397A1F06}"
EndProject
Project("{2150E333-8FDC-42A3-9474-1A3956D46DE8}") = "Http", "Http", "{1F3AB57F-9C98-4A16-AE6F-1AE8CED4C18C}"
EndProject
Global
	GlobalSection(SolutionConfigurationPlatforms) = preSolution
		CodeCov|Any CPU = CodeCov|Any CPU
		CodeCoverage|Any CPU = CodeCoverage|Any CPU
		Debug|Any CPU = Debug|Any CPU
		Release|Any CPU = Release|Any CPU
	EndGlobalSection
	GlobalSection(ProjectConfigurationPlatforms) = postSolution
		{8F18041B-9410-4C36-A9C5-067813DF5F31}.CodeCov|Any CPU.ActiveCfg = Debug|Any CPU
		{8F18041B-9410-4C36-A9C5-067813DF5F31}.CodeCov|Any CPU.Build.0 = Debug|Any CPU
		{8F18041B-9410-4C36-A9C5-067813DF5F31}.CodeCoverage|Any CPU.ActiveCfg = Release|Any CPU
		{8F18041B-9410-4C36-A9C5-067813DF5F31}.CodeCoverage|Any CPU.Build.0 = Release|Any CPU
		{8F18041B-9410-4C36-A9C5-067813DF5F31}.Debug|Any CPU.ActiveCfg = Debug|Any CPU
		{8F18041B-9410-4C36-A9C5-067813DF5F31}.Debug|Any CPU.Build.0 = Debug|Any CPU
		{8F18041B-9410-4C36-A9C5-067813DF5F31}.Release|Any CPU.ActiveCfg = Debug|Any CPU
		{8F18041B-9410-4C36-A9C5-067813DF5F31}.Release|Any CPU.Build.0 = Debug|Any CPU
		{22BABB60-8F02-4027-AFFC-ACF069954536}.CodeCov|Any CPU.ActiveCfg = CodeCoverage|Any CPU
		{22BABB60-8F02-4027-AFFC-ACF069954536}.CodeCov|Any CPU.Build.0 = CodeCoverage|Any CPU
		{22BABB60-8F02-4027-AFFC-ACF069954536}.CodeCoverage|Any CPU.ActiveCfg = CodeCoverage|Any CPU
		{22BABB60-8F02-4027-AFFC-ACF069954536}.CodeCoverage|Any CPU.Build.0 = CodeCoverage|Any CPU
		{22BABB60-8F02-4027-AFFC-ACF069954536}.Debug|Any CPU.ActiveCfg = Debug|Any CPU
		{22BABB60-8F02-4027-AFFC-ACF069954536}.Debug|Any CPU.Build.0 = Debug|Any CPU
		{22BABB60-8F02-4027-AFFC-ACF069954536}.Release|Any CPU.ActiveCfg = Release|Any CPU
		{22BABB60-8F02-4027-AFFC-ACF069954536}.Release|Any CPU.Build.0 = Release|Any CPU
		{76EFA9C5-8D7E-4FDF-B710-E20F8B6B00D2}.CodeCov|Any CPU.ActiveCfg = Debug|Any CPU
		{76EFA9C5-8D7E-4FDF-B710-E20F8B6B00D2}.CodeCov|Any CPU.Build.0 = Debug|Any CPU
		{76EFA9C5-8D7E-4FDF-B710-E20F8B6B00D2}.CodeCoverage|Any CPU.ActiveCfg = Debug|Any CPU
		{76EFA9C5-8D7E-4FDF-B710-E20F8B6B00D2}.CodeCoverage|Any CPU.Build.0 = Debug|Any CPU
		{76EFA9C5-8D7E-4FDF-B710-E20F8B6B00D2}.Debug|Any CPU.ActiveCfg = Debug|Any CPU
		{76EFA9C5-8D7E-4FDF-B710-E20F8B6B00D2}.Debug|Any CPU.Build.0 = Debug|Any CPU
		{76EFA9C5-8D7E-4FDF-B710-E20F8B6B00D2}.Release|Any CPU.ActiveCfg = Debug|Any CPU
		{76EFA9C5-8D7E-4FDF-B710-E20F8B6B00D2}.Release|Any CPU.Build.0 = Debug|Any CPU
		{9B7E3740-6161-4548-833C-4BBCA43B970E}.CodeCov|Any CPU.ActiveCfg = Debug|Any CPU
		{9B7E3740-6161-4548-833C-4BBCA43B970E}.CodeCov|Any CPU.Build.0 = Debug|Any CPU
		{9B7E3740-6161-4548-833C-4BBCA43B970E}.CodeCoverage|Any CPU.ActiveCfg = Debug|Any CPU
		{9B7E3740-6161-4548-833C-4BBCA43B970E}.CodeCoverage|Any CPU.Build.0 = Debug|Any CPU
		{9B7E3740-6161-4548-833C-4BBCA43B970E}.Debug|Any CPU.ActiveCfg = Debug|Any CPU
		{9B7E3740-6161-4548-833C-4BBCA43B970E}.Debug|Any CPU.Build.0 = Debug|Any CPU
		{9B7E3740-6161-4548-833C-4BBCA43B970E}.Release|Any CPU.ActiveCfg = Debug|Any CPU
		{9B7E3740-6161-4548-833C-4BBCA43B970E}.Release|Any CPU.Build.0 = Debug|Any CPU
		{0939B11A-FE4E-4BA1-8AD6-D97741EE314F}.CodeCov|Any CPU.ActiveCfg = Debug|Any CPU
		{0939B11A-FE4E-4BA1-8AD6-D97741EE314F}.CodeCov|Any CPU.Build.0 = Debug|Any CPU
		{0939B11A-FE4E-4BA1-8AD6-D97741EE314F}.CodeCoverage|Any CPU.ActiveCfg = Debug|Any CPU
		{0939B11A-FE4E-4BA1-8AD6-D97741EE314F}.CodeCoverage|Any CPU.Build.0 = Debug|Any CPU
		{0939B11A-FE4E-4BA1-8AD6-D97741EE314F}.Debug|Any CPU.ActiveCfg = Debug|Any CPU
		{0939B11A-FE4E-4BA1-8AD6-D97741EE314F}.Debug|Any CPU.Build.0 = Debug|Any CPU
		{0939B11A-FE4E-4BA1-8AD6-D97741EE314F}.Release|Any CPU.ActiveCfg = Debug|Any CPU
		{0939B11A-FE4E-4BA1-8AD6-D97741EE314F}.Release|Any CPU.Build.0 = Debug|Any CPU
		{0C7CE809-0F72-4C19-8C64-D6573E4D9521}.CodeCov|Any CPU.ActiveCfg = CodeCoverage|Any CPU
		{0C7CE809-0F72-4C19-8C64-D6573E4D9521}.CodeCov|Any CPU.Build.0 = CodeCoverage|Any CPU
		{0C7CE809-0F72-4C19-8C64-D6573E4D9521}.CodeCoverage|Any CPU.ActiveCfg = CodeCoverage|Any CPU
		{0C7CE809-0F72-4C19-8C64-D6573E4D9521}.CodeCoverage|Any CPU.Build.0 = CodeCoverage|Any CPU
		{0C7CE809-0F72-4C19-8C64-D6573E4D9521}.Debug|Any CPU.ActiveCfg = Debug|Any CPU
		{0C7CE809-0F72-4C19-8C64-D6573E4D9521}.Debug|Any CPU.Build.0 = Debug|Any CPU
		{0C7CE809-0F72-4C19-8C64-D6573E4D9521}.Release|Any CPU.ActiveCfg = Release|Any CPU
		{0C7CE809-0F72-4C19-8C64-D6573E4D9521}.Release|Any CPU.Build.0 = Release|Any CPU
		{C23F02FC-4538-43F5-ABBA-38BA069AEA8F}.CodeCov|Any CPU.ActiveCfg = CodeCoverage|Any CPU
		{C23F02FC-4538-43F5-ABBA-38BA069AEA8F}.CodeCov|Any CPU.Build.0 = CodeCoverage|Any CPU
		{C23F02FC-4538-43F5-ABBA-38BA069AEA8F}.CodeCoverage|Any CPU.ActiveCfg = CodeCoverage|Any CPU
		{C23F02FC-4538-43F5-ABBA-38BA069AEA8F}.CodeCoverage|Any CPU.Build.0 = CodeCoverage|Any CPU
		{C23F02FC-4538-43F5-ABBA-38BA069AEA8F}.Debug|Any CPU.ActiveCfg = Debug|Any CPU
		{C23F02FC-4538-43F5-ABBA-38BA069AEA8F}.Debug|Any CPU.Build.0 = Debug|Any CPU
		{C23F02FC-4538-43F5-ABBA-38BA069AEA8F}.Release|Any CPU.ActiveCfg = Release|Any CPU
		{C23F02FC-4538-43F5-ABBA-38BA069AEA8F}.Release|Any CPU.Build.0 = Release|Any CPU
		{3D3FFD8A-624D-4E9B-954B-E1C105507975}.CodeCov|Any CPU.ActiveCfg = Debug|Any CPU
		{3D3FFD8A-624D-4E9B-954B-E1C105507975}.CodeCov|Any CPU.Build.0 = Debug|Any CPU
		{3D3FFD8A-624D-4E9B-954B-E1C105507975}.CodeCoverage|Any CPU.ActiveCfg = Debug|Any CPU
		{3D3FFD8A-624D-4E9B-954B-E1C105507975}.CodeCoverage|Any CPU.Build.0 = Debug|Any CPU
		{3D3FFD8A-624D-4E9B-954B-E1C105507975}.Debug|Any CPU.ActiveCfg = Debug|Any CPU
		{3D3FFD8A-624D-4E9B-954B-E1C105507975}.Debug|Any CPU.Build.0 = Debug|Any CPU
		{3D3FFD8A-624D-4E9B-954B-E1C105507975}.Release|Any CPU.ActiveCfg = Debug|Any CPU
		{3D3FFD8A-624D-4E9B-954B-E1C105507975}.Release|Any CPU.Build.0 = Debug|Any CPU
		{D3CF7430-6DA4-42B0-BD90-CA39D16687B2}.CodeCov|Any CPU.ActiveCfg = Debug|Any CPU
		{D3CF7430-6DA4-42B0-BD90-CA39D16687B2}.CodeCov|Any CPU.Build.0 = Debug|Any CPU
		{D3CF7430-6DA4-42B0-BD90-CA39D16687B2}.CodeCoverage|Any CPU.ActiveCfg = Debug|Any CPU
		{D3CF7430-6DA4-42B0-BD90-CA39D16687B2}.CodeCoverage|Any CPU.Build.0 = Debug|Any CPU
		{D3CF7430-6DA4-42B0-BD90-CA39D16687B2}.Debug|Any CPU.ActiveCfg = Debug|Any CPU
		{D3CF7430-6DA4-42B0-BD90-CA39D16687B2}.Debug|Any CPU.Build.0 = Debug|Any CPU
		{D3CF7430-6DA4-42B0-BD90-CA39D16687B2}.Release|Any CPU.ActiveCfg = Debug|Any CPU
		{D3CF7430-6DA4-42B0-BD90-CA39D16687B2}.Release|Any CPU.Build.0 = Debug|Any CPU
		{0BB62A1D-E6B5-49FA-9E3C-6AF679A66DFE}.CodeCov|Any CPU.ActiveCfg = Debug|Any CPU
		{0BB62A1D-E6B5-49FA-9E3C-6AF679A66DFE}.CodeCov|Any CPU.Build.0 = Debug|Any CPU
		{0BB62A1D-E6B5-49FA-9E3C-6AF679A66DFE}.CodeCoverage|Any CPU.ActiveCfg = Release|Any CPU
		{0BB62A1D-E6B5-49FA-9E3C-6AF679A66DFE}.CodeCoverage|Any CPU.Build.0 = Release|Any CPU
		{0BB62A1D-E6B5-49FA-9E3C-6AF679A66DFE}.Debug|Any CPU.ActiveCfg = Debug|Any CPU
		{0BB62A1D-E6B5-49FA-9E3C-6AF679A66DFE}.Debug|Any CPU.Build.0 = Debug|Any CPU
		{0BB62A1D-E6B5-49FA-9E3C-6AF679A66DFE}.Release|Any CPU.ActiveCfg = Debug|Any CPU
		{0BB62A1D-E6B5-49FA-9E3C-6AF679A66DFE}.Release|Any CPU.Build.0 = Debug|Any CPU
		{268DEE9D-F323-4A00-8ED8-3784388C3E3A}.CodeCov|Any CPU.ActiveCfg = Debug|Any CPU
		{268DEE9D-F323-4A00-8ED8-3784388C3E3A}.CodeCov|Any CPU.Build.0 = Debug|Any CPU
		{268DEE9D-F323-4A00-8ED8-3784388C3E3A}.CodeCoverage|Any CPU.ActiveCfg = Debug|Any CPU
		{268DEE9D-F323-4A00-8ED8-3784388C3E3A}.CodeCoverage|Any CPU.Build.0 = Debug|Any CPU
		{268DEE9D-F323-4A00-8ED8-3784388C3E3A}.Debug|Any CPU.ActiveCfg = Debug|Any CPU
		{268DEE9D-F323-4A00-8ED8-3784388C3E3A}.Debug|Any CPU.Build.0 = Debug|Any CPU
		{268DEE9D-F323-4A00-8ED8-3784388C3E3A}.Release|Any CPU.ActiveCfg = Debug|Any CPU
		{268DEE9D-F323-4A00-8ED8-3784388C3E3A}.Release|Any CPU.Build.0 = Debug|Any CPU
		{0F4870DB-A799-4DBA-99DF-0D74BB52FEC2}.CodeCov|Any CPU.ActiveCfg = Debug|Any CPU
		{0F4870DB-A799-4DBA-99DF-0D74BB52FEC2}.CodeCov|Any CPU.Build.0 = Debug|Any CPU
		{0F4870DB-A799-4DBA-99DF-0D74BB52FEC2}.CodeCoverage|Any CPU.ActiveCfg = Debug|Any CPU
		{0F4870DB-A799-4DBA-99DF-0D74BB52FEC2}.CodeCoverage|Any CPU.Build.0 = Debug|Any CPU
		{0F4870DB-A799-4DBA-99DF-0D74BB52FEC2}.Debug|Any CPU.ActiveCfg = Debug|Any CPU
		{0F4870DB-A799-4DBA-99DF-0D74BB52FEC2}.Debug|Any CPU.Build.0 = Debug|Any CPU
		{0F4870DB-A799-4DBA-99DF-0D74BB52FEC2}.Release|Any CPU.ActiveCfg = Debug|Any CPU
		{0F4870DB-A799-4DBA-99DF-0D74BB52FEC2}.Release|Any CPU.Build.0 = Debug|Any CPU
		{D3313BDF-8071-4AC8-9D98-ABF7F9E88A57}.CodeCov|Any CPU.ActiveCfg = Debug|Any CPU
		{D3313BDF-8071-4AC8-9D98-ABF7F9E88A57}.CodeCov|Any CPU.Build.0 = Debug|Any CPU
		{D3313BDF-8071-4AC8-9D98-ABF7F9E88A57}.CodeCoverage|Any CPU.ActiveCfg = Debug|Any CPU
		{D3313BDF-8071-4AC8-9D98-ABF7F9E88A57}.CodeCoverage|Any CPU.Build.0 = Debug|Any CPU
		{D3313BDF-8071-4AC8-9D98-ABF7F9E88A57}.Debug|Any CPU.ActiveCfg = Debug|Any CPU
		{D3313BDF-8071-4AC8-9D98-ABF7F9E88A57}.Debug|Any CPU.Build.0 = Debug|Any CPU
		{D3313BDF-8071-4AC8-9D98-ABF7F9E88A57}.Release|Any CPU.ActiveCfg = Debug|Any CPU
		{D3313BDF-8071-4AC8-9D98-ABF7F9E88A57}.Release|Any CPU.Build.0 = Debug|Any CPU
		{66A74F3C-A106-4C1E-BAA0-001908FEA2CA}.CodeCov|Any CPU.ActiveCfg = Debug|Any CPU
		{66A74F3C-A106-4C1E-BAA0-001908FEA2CA}.CodeCov|Any CPU.Build.0 = Debug|Any CPU
		{66A74F3C-A106-4C1E-BAA0-001908FEA2CA}.CodeCoverage|Any CPU.ActiveCfg = Debug|Any CPU
		{66A74F3C-A106-4C1E-BAA0-001908FEA2CA}.CodeCoverage|Any CPU.Build.0 = Debug|Any CPU
		{66A74F3C-A106-4C1E-BAA0-001908FEA2CA}.Debug|Any CPU.ActiveCfg = Debug|Any CPU
		{66A74F3C-A106-4C1E-BAA0-001908FEA2CA}.Debug|Any CPU.Build.0 = Debug|Any CPU
		{66A74F3C-A106-4C1E-BAA0-001908FEA2CA}.Release|Any CPU.ActiveCfg = Debug|Any CPU
		{66A74F3C-A106-4C1E-BAA0-001908FEA2CA}.Release|Any CPU.Build.0 = Debug|Any CPU
		{2C653A66-8159-4A41-954F-A67915DFDA87}.CodeCov|Any CPU.ActiveCfg = Debug|Any CPU
		{2C653A66-8159-4A41-954F-A67915DFDA87}.CodeCov|Any CPU.Build.0 = Debug|Any CPU
		{2C653A66-8159-4A41-954F-A67915DFDA87}.CodeCoverage|Any CPU.ActiveCfg = Debug|Any CPU
		{2C653A66-8159-4A41-954F-A67915DFDA87}.CodeCoverage|Any CPU.Build.0 = Debug|Any CPU
		{2C653A66-8159-4A41-954F-A67915DFDA87}.Debug|Any CPU.ActiveCfg = Debug|Any CPU
		{2C653A66-8159-4A41-954F-A67915DFDA87}.Debug|Any CPU.Build.0 = Debug|Any CPU
		{2C653A66-8159-4A41-954F-A67915DFDA87}.Release|Any CPU.ActiveCfg = Debug|Any CPU
		{2C653A66-8159-4A41-954F-A67915DFDA87}.Release|Any CPU.Build.0 = Debug|Any CPU
		{8AC2A2E4-2F11-4D40-A887-62E2583A65E6}.CodeCov|Any CPU.ActiveCfg = Debug|Any CPU
		{8AC2A2E4-2F11-4D40-A887-62E2583A65E6}.CodeCov|Any CPU.Build.0 = Debug|Any CPU
		{8AC2A2E4-2F11-4D40-A887-62E2583A65E6}.CodeCoverage|Any CPU.ActiveCfg = Debug|Any CPU
		{8AC2A2E4-2F11-4D40-A887-62E2583A65E6}.CodeCoverage|Any CPU.Build.0 = Debug|Any CPU
		{8AC2A2E4-2F11-4D40-A887-62E2583A65E6}.Debug|Any CPU.ActiveCfg = Debug|Any CPU
		{8AC2A2E4-2F11-4D40-A887-62E2583A65E6}.Debug|Any CPU.Build.0 = Debug|Any CPU
		{8AC2A2E4-2F11-4D40-A887-62E2583A65E6}.Release|Any CPU.ActiveCfg = Debug|Any CPU
		{8AC2A2E4-2F11-4D40-A887-62E2583A65E6}.Release|Any CPU.Build.0 = Debug|Any CPU
		{6C28DA70-60F1-4442-967F-591BF3962EC5}.CodeCov|Any CPU.ActiveCfg = Debug|Any CPU
		{6C28DA70-60F1-4442-967F-591BF3962EC5}.CodeCov|Any CPU.Build.0 = Debug|Any CPU
		{6C28DA70-60F1-4442-967F-591BF3962EC5}.CodeCoverage|Any CPU.ActiveCfg = Debug|Any CPU
		{6C28DA70-60F1-4442-967F-591BF3962EC5}.CodeCoverage|Any CPU.Build.0 = Debug|Any CPU
		{6C28DA70-60F1-4442-967F-591BF3962EC5}.Debug|Any CPU.ActiveCfg = Debug|Any CPU
		{6C28DA70-60F1-4442-967F-591BF3962EC5}.Debug|Any CPU.Build.0 = Debug|Any CPU
		{6C28DA70-60F1-4442-967F-591BF3962EC5}.Release|Any CPU.ActiveCfg = Debug|Any CPU
		{6C28DA70-60F1-4442-967F-591BF3962EC5}.Release|Any CPU.Build.0 = Debug|Any CPU
		{DDC1CE0C-486E-4E35-BB3B-EAB61F8F9440}.CodeCov|Any CPU.ActiveCfg = Debug|Any CPU
		{DDC1CE0C-486E-4E35-BB3B-EAB61F8F9440}.CodeCov|Any CPU.Build.0 = Debug|Any CPU
		{DDC1CE0C-486E-4E35-BB3B-EAB61F8F9440}.CodeCoverage|Any CPU.ActiveCfg = Release|Any CPU
		{DDC1CE0C-486E-4E35-BB3B-EAB61F8F9440}.CodeCoverage|Any CPU.Build.0 = Release|Any CPU
		{DDC1CE0C-486E-4E35-BB3B-EAB61F8F9440}.Debug|Any CPU.ActiveCfg = Debug|Any CPU
		{DDC1CE0C-486E-4E35-BB3B-EAB61F8F9440}.Debug|Any CPU.Build.0 = Debug|Any CPU
		{DDC1CE0C-486E-4E35-BB3B-EAB61F8F9440}.Release|Any CPU.ActiveCfg = Debug|Any CPU
		{DDC1CE0C-486E-4E35-BB3B-EAB61F8F9440}.Release|Any CPU.Build.0 = Debug|Any CPU
		{7F2C796F-43B2-4F8F-ABFF-A154EC8AAFA1}.CodeCov|Any CPU.ActiveCfg = Debug|Any CPU
		{7F2C796F-43B2-4F8F-ABFF-A154EC8AAFA1}.CodeCov|Any CPU.Build.0 = Debug|Any CPU
		{7F2C796F-43B2-4F8F-ABFF-A154EC8AAFA1}.CodeCoverage|Any CPU.ActiveCfg = Release|Any CPU
		{7F2C796F-43B2-4F8F-ABFF-A154EC8AAFA1}.CodeCoverage|Any CPU.Build.0 = Release|Any CPU
		{7F2C796F-43B2-4F8F-ABFF-A154EC8AAFA1}.Debug|Any CPU.ActiveCfg = Debug|Any CPU
		{7F2C796F-43B2-4F8F-ABFF-A154EC8AAFA1}.Debug|Any CPU.Build.0 = Debug|Any CPU
		{7F2C796F-43B2-4F8F-ABFF-A154EC8AAFA1}.Release|Any CPU.ActiveCfg = Debug|Any CPU
		{7F2C796F-43B2-4F8F-ABFF-A154EC8AAFA1}.Release|Any CPU.Build.0 = Debug|Any CPU
		{F0441BE9-BDC0-4629-BE5A-8765FFAA2481}.CodeCov|Any CPU.ActiveCfg = CodeCoverage|Any CPU
		{F0441BE9-BDC0-4629-BE5A-8765FFAA2481}.CodeCov|Any CPU.Build.0 = CodeCoverage|Any CPU
		{F0441BE9-BDC0-4629-BE5A-8765FFAA2481}.CodeCoverage|Any CPU.ActiveCfg = CodeCoverage|Any CPU
		{F0441BE9-BDC0-4629-BE5A-8765FFAA2481}.CodeCoverage|Any CPU.Build.0 = CodeCoverage|Any CPU
		{F0441BE9-BDC0-4629-BE5A-8765FFAA2481}.Debug|Any CPU.ActiveCfg = Debug|Any CPU
		{F0441BE9-BDC0-4629-BE5A-8765FFAA2481}.Debug|Any CPU.Build.0 = Debug|Any CPU
		{F0441BE9-BDC0-4629-BE5A-8765FFAA2481}.Release|Any CPU.ActiveCfg = Release|Any CPU
		{F0441BE9-BDC0-4629-BE5A-8765FFAA2481}.Release|Any CPU.Build.0 = Release|Any CPU
		{668E9021-CE84-49D9-98FB-DF125A9FCDB0}.CodeCov|Any CPU.ActiveCfg = Debug|Any CPU
		{668E9021-CE84-49D9-98FB-DF125A9FCDB0}.CodeCov|Any CPU.Build.0 = Debug|Any CPU
		{668E9021-CE84-49D9-98FB-DF125A9FCDB0}.CodeCoverage|Any CPU.ActiveCfg = Release|Any CPU
		{668E9021-CE84-49D9-98FB-DF125A9FCDB0}.CodeCoverage|Any CPU.Build.0 = Release|Any CPU
		{668E9021-CE84-49D9-98FB-DF125A9FCDB0}.Debug|Any CPU.ActiveCfg = Debug|Any CPU
		{668E9021-CE84-49D9-98FB-DF125A9FCDB0}.Debug|Any CPU.Build.0 = Debug|Any CPU
		{668E9021-CE84-49D9-98FB-DF125A9FCDB0}.Release|Any CPU.ActiveCfg = Release|Any CPU
		{668E9021-CE84-49D9-98FB-DF125A9FCDB0}.Release|Any CPU.Build.0 = Release|Any CPU
		{FCCC4CB7-BAF7-4A57-9F89-E5766FE536C0}.CodeCov|Any CPU.ActiveCfg = Debug|Any CPU
		{FCCC4CB7-BAF7-4A57-9F89-E5766FE536C0}.CodeCov|Any CPU.Build.0 = Debug|Any CPU
		{FCCC4CB7-BAF7-4A57-9F89-E5766FE536C0}.CodeCoverage|Any CPU.ActiveCfg = Release|Any CPU
		{FCCC4CB7-BAF7-4A57-9F89-E5766FE536C0}.CodeCoverage|Any CPU.Build.0 = Release|Any CPU
		{FCCC4CB7-BAF7-4A57-9F89-E5766FE536C0}.Debug|Any CPU.ActiveCfg = Debug|Any CPU
		{FCCC4CB7-BAF7-4A57-9F89-E5766FE536C0}.Debug|Any CPU.Build.0 = Debug|Any CPU
		{FCCC4CB7-BAF7-4A57-9F89-E5766FE536C0}.Release|Any CPU.ActiveCfg = Debug|Any CPU
		{FCCC4CB7-BAF7-4A57-9F89-E5766FE536C0}.Release|Any CPU.Build.0 = Debug|Any CPU
		{EB09CD33-992B-4A31-AB95-8673BA90F1CD}.CodeCov|Any CPU.ActiveCfg = CodeCoverage|Any CPU
		{EB09CD33-992B-4A31-AB95-8673BA90F1CD}.CodeCov|Any CPU.Build.0 = CodeCoverage|Any CPU
		{EB09CD33-992B-4A31-AB95-8673BA90F1CD}.CodeCoverage|Any CPU.ActiveCfg = CodeCoverage|Any CPU
		{EB09CD33-992B-4A31-AB95-8673BA90F1CD}.CodeCoverage|Any CPU.Build.0 = CodeCoverage|Any CPU
		{EB09CD33-992B-4A31-AB95-8673BA90F1CD}.Debug|Any CPU.ActiveCfg = Debug|Any CPU
		{EB09CD33-992B-4A31-AB95-8673BA90F1CD}.Debug|Any CPU.Build.0 = Debug|Any CPU
		{EB09CD33-992B-4A31-AB95-8673BA90F1CD}.Release|Any CPU.ActiveCfg = Release|Any CPU
		{EB09CD33-992B-4A31-AB95-8673BA90F1CD}.Release|Any CPU.Build.0 = Release|Any CPU
		{7AF77741-9158-4D5F-8782-8F21FADF025F}.CodeCov|Any CPU.ActiveCfg = Debug|Any CPU
		{7AF77741-9158-4D5F-8782-8F21FADF025F}.CodeCov|Any CPU.Build.0 = Debug|Any CPU
		{7AF77741-9158-4D5F-8782-8F21FADF025F}.CodeCoverage|Any CPU.ActiveCfg = Release|Any CPU
		{7AF77741-9158-4D5F-8782-8F21FADF025F}.CodeCoverage|Any CPU.Build.0 = Release|Any CPU
		{7AF77741-9158-4D5F-8782-8F21FADF025F}.Debug|Any CPU.ActiveCfg = Debug|Any CPU
		{7AF77741-9158-4D5F-8782-8F21FADF025F}.Debug|Any CPU.Build.0 = Debug|Any CPU
		{7AF77741-9158-4D5F-8782-8F21FADF025F}.Release|Any CPU.ActiveCfg = Release|Any CPU
		{7AF77741-9158-4D5F-8782-8F21FADF025F}.Release|Any CPU.Build.0 = Release|Any CPU
		{A7B1264E-BCE5-42A8-8B5E-001A5360B128}.CodeCov|Any CPU.ActiveCfg = CodeCoverage|Any CPU
		{A7B1264E-BCE5-42A8-8B5E-001A5360B128}.CodeCov|Any CPU.Build.0 = CodeCoverage|Any CPU
		{A7B1264E-BCE5-42A8-8B5E-001A5360B128}.CodeCoverage|Any CPU.ActiveCfg = CodeCoverage|Any CPU
		{A7B1264E-BCE5-42A8-8B5E-001A5360B128}.CodeCoverage|Any CPU.Build.0 = CodeCoverage|Any CPU
		{A7B1264E-BCE5-42A8-8B5E-001A5360B128}.Debug|Any CPU.ActiveCfg = Debug|Any CPU
		{A7B1264E-BCE5-42A8-8B5E-001A5360B128}.Debug|Any CPU.Build.0 = Debug|Any CPU
		{A7B1264E-BCE5-42A8-8B5E-001A5360B128}.Release|Any CPU.ActiveCfg = Release|Any CPU
		{A7B1264E-BCE5-42A8-8B5E-001A5360B128}.Release|Any CPU.Build.0 = Release|Any CPU
		{6C18CC83-1E4C-42D2-B93E-55D6C363850C}.CodeCov|Any CPU.ActiveCfg = CodeCoverage|Any CPU
		{6C18CC83-1E4C-42D2-B93E-55D6C363850C}.CodeCov|Any CPU.Build.0 = CodeCoverage|Any CPU
		{6C18CC83-1E4C-42D2-B93E-55D6C363850C}.CodeCoverage|Any CPU.ActiveCfg = CodeCoverage|Any CPU
		{6C18CC83-1E4C-42D2-B93E-55D6C363850C}.CodeCoverage|Any CPU.Build.0 = CodeCoverage|Any CPU
		{6C18CC83-1E4C-42D2-B93E-55D6C363850C}.Debug|Any CPU.ActiveCfg = Debug|Any CPU
		{6C18CC83-1E4C-42D2-B93E-55D6C363850C}.Debug|Any CPU.Build.0 = Debug|Any CPU
		{6C18CC83-1E4C-42D2-B93E-55D6C363850C}.Release|Any CPU.ActiveCfg = Release|Any CPU
		{6C18CC83-1E4C-42D2-B93E-55D6C363850C}.Release|Any CPU.Build.0 = Release|Any CPU
		{66492E69-CE4C-4FB1-9B1F-88DEE09D06F1}.CodeCov|Any CPU.ActiveCfg = Debug|Any CPU
		{66492E69-CE4C-4FB1-9B1F-88DEE09D06F1}.CodeCov|Any CPU.Build.0 = Debug|Any CPU
		{66492E69-CE4C-4FB1-9B1F-88DEE09D06F1}.CodeCoverage|Any CPU.ActiveCfg = Debug|Any CPU
		{66492E69-CE4C-4FB1-9B1F-88DEE09D06F1}.CodeCoverage|Any CPU.Build.0 = Debug|Any CPU
		{66492E69-CE4C-4FB1-9B1F-88DEE09D06F1}.Debug|Any CPU.ActiveCfg = Debug|Any CPU
		{66492E69-CE4C-4FB1-9B1F-88DEE09D06F1}.Debug|Any CPU.Build.0 = Debug|Any CPU
		{66492E69-CE4C-4FB1-9B1F-88DEE09D06F1}.Release|Any CPU.ActiveCfg = Debug|Any CPU
		{66492E69-CE4C-4FB1-9B1F-88DEE09D06F1}.Release|Any CPU.Build.0 = Debug|Any CPU
		{A0187BC2-8325-4BB2-8697-7F955CF4173E}.CodeCov|Any CPU.ActiveCfg = Debug|Any CPU
		{A0187BC2-8325-4BB2-8697-7F955CF4173E}.CodeCov|Any CPU.Build.0 = Debug|Any CPU
		{A0187BC2-8325-4BB2-8697-7F955CF4173E}.CodeCoverage|Any CPU.ActiveCfg = Debug|Any CPU
		{A0187BC2-8325-4BB2-8697-7F955CF4173E}.CodeCoverage|Any CPU.Build.0 = Debug|Any CPU
		{A0187BC2-8325-4BB2-8697-7F955CF4173E}.Debug|Any CPU.ActiveCfg = Debug|Any CPU
		{A0187BC2-8325-4BB2-8697-7F955CF4173E}.Debug|Any CPU.Build.0 = Debug|Any CPU
		{A0187BC2-8325-4BB2-8697-7F955CF4173E}.Release|Any CPU.ActiveCfg = Debug|Any CPU
		{A0187BC2-8325-4BB2-8697-7F955CF4173E}.Release|Any CPU.Build.0 = Debug|Any CPU
		{ACE91549-D86E-4EB6-8C2A-5FF51386BB68}.CodeCov|Any CPU.ActiveCfg = CodeCoverage|Any CPU
		{ACE91549-D86E-4EB6-8C2A-5FF51386BB68}.CodeCov|Any CPU.Build.0 = CodeCoverage|Any CPU
		{ACE91549-D86E-4EB6-8C2A-5FF51386BB68}.CodeCoverage|Any CPU.ActiveCfg = CodeCoverage|Any CPU
		{ACE91549-D86E-4EB6-8C2A-5FF51386BB68}.CodeCoverage|Any CPU.Build.0 = CodeCoverage|Any CPU
		{ACE91549-D86E-4EB6-8C2A-5FF51386BB68}.Debug|Any CPU.ActiveCfg = Debug|Any CPU
		{ACE91549-D86E-4EB6-8C2A-5FF51386BB68}.Debug|Any CPU.Build.0 = Debug|Any CPU
		{ACE91549-D86E-4EB6-8C2A-5FF51386BB68}.Release|Any CPU.ActiveCfg = Release|Any CPU
		{ACE91549-D86E-4EB6-8C2A-5FF51386BB68}.Release|Any CPU.Build.0 = Release|Any CPU
		{81876811-6C36-492A-9609-F0E85990FBC9}.CodeCov|Any CPU.ActiveCfg = CodeCoverage|Any CPU
		{81876811-6C36-492A-9609-F0E85990FBC9}.CodeCov|Any CPU.Build.0 = CodeCoverage|Any CPU
		{81876811-6C36-492A-9609-F0E85990FBC9}.CodeCoverage|Any CPU.ActiveCfg = CodeCoverage|Any CPU
		{81876811-6C36-492A-9609-F0E85990FBC9}.CodeCoverage|Any CPU.Build.0 = CodeCoverage|Any CPU
		{81876811-6C36-492A-9609-F0E85990FBC9}.Debug|Any CPU.ActiveCfg = Debug|Any CPU
		{81876811-6C36-492A-9609-F0E85990FBC9}.Debug|Any CPU.Build.0 = Debug|Any CPU
		{81876811-6C36-492A-9609-F0E85990FBC9}.Release|Any CPU.ActiveCfg = Release|Any CPU
		{81876811-6C36-492A-9609-F0E85990FBC9}.Release|Any CPU.Build.0 = Release|Any CPU
		{3267DFC6-B34D-4011-BC0F-D3B56AF6F608}.CodeCov|Any CPU.ActiveCfg = Debug|Any CPU
		{3267DFC6-B34D-4011-BC0F-D3B56AF6F608}.CodeCov|Any CPU.Build.0 = Debug|Any CPU
		{3267DFC6-B34D-4011-BC0F-D3B56AF6F608}.CodeCoverage|Any CPU.ActiveCfg = Debug|Any CPU
		{3267DFC6-B34D-4011-BC0F-D3B56AF6F608}.CodeCoverage|Any CPU.Build.0 = Debug|Any CPU
		{3267DFC6-B34D-4011-BC0F-D3B56AF6F608}.Debug|Any CPU.ActiveCfg = Debug|Any CPU
		{3267DFC6-B34D-4011-BC0F-D3B56AF6F608}.Debug|Any CPU.Build.0 = Debug|Any CPU
		{3267DFC6-B34D-4011-BC0F-D3B56AF6F608}.Release|Any CPU.ActiveCfg = Debug|Any CPU
		{3267DFC6-B34D-4011-BC0F-D3B56AF6F608}.Release|Any CPU.Build.0 = Debug|Any CPU
		{EA62944F-BD25-4730-9405-9BE8FF5BEACD}.CodeCov|Any CPU.ActiveCfg = Debug|Any CPU
		{EA62944F-BD25-4730-9405-9BE8FF5BEACD}.CodeCov|Any CPU.Build.0 = Debug|Any CPU
		{EA62944F-BD25-4730-9405-9BE8FF5BEACD}.CodeCoverage|Any CPU.ActiveCfg = Debug|Any CPU
		{EA62944F-BD25-4730-9405-9BE8FF5BEACD}.CodeCoverage|Any CPU.Build.0 = Debug|Any CPU
		{EA62944F-BD25-4730-9405-9BE8FF5BEACD}.Debug|Any CPU.ActiveCfg = Debug|Any CPU
		{EA62944F-BD25-4730-9405-9BE8FF5BEACD}.Debug|Any CPU.Build.0 = Debug|Any CPU
		{EA62944F-BD25-4730-9405-9BE8FF5BEACD}.Release|Any CPU.ActiveCfg = Debug|Any CPU
		{EA62944F-BD25-4730-9405-9BE8FF5BEACD}.Release|Any CPU.Build.0 = Debug|Any CPU
		{B6895A1B-382F-4A69-99EC-E965E19B0AB3}.CodeCov|Any CPU.ActiveCfg = CodeCoverage|Any CPU
		{B6895A1B-382F-4A69-99EC-E965E19B0AB3}.CodeCov|Any CPU.Build.0 = CodeCoverage|Any CPU
		{B6895A1B-382F-4A69-99EC-E965E19B0AB3}.CodeCoverage|Any CPU.ActiveCfg = CodeCoverage|Any CPU
		{B6895A1B-382F-4A69-99EC-E965E19B0AB3}.CodeCoverage|Any CPU.Build.0 = CodeCoverage|Any CPU
		{B6895A1B-382F-4A69-99EC-E965E19B0AB3}.Debug|Any CPU.ActiveCfg = Debug|Any CPU
		{B6895A1B-382F-4A69-99EC-E965E19B0AB3}.Debug|Any CPU.Build.0 = Debug|Any CPU
		{B6895A1B-382F-4A69-99EC-E965E19B0AB3}.Release|Any CPU.ActiveCfg = Release|Any CPU
		{B6895A1B-382F-4A69-99EC-E965E19B0AB3}.Release|Any CPU.Build.0 = Release|Any CPU
		{1ACEF677-B6A0-4680-A076-7893DE176D6B}.CodeCov|Any CPU.ActiveCfg = CodeCov|Any CPU
		{1ACEF677-B6A0-4680-A076-7893DE176D6B}.CodeCov|Any CPU.Build.0 = CodeCov|Any CPU
		{1ACEF677-B6A0-4680-A076-7893DE176D6B}.CodeCoverage|Any CPU.ActiveCfg = CodeCov|Any CPU
		{1ACEF677-B6A0-4680-A076-7893DE176D6B}.CodeCoverage|Any CPU.Build.0 = CodeCov|Any CPU
		{1ACEF677-B6A0-4680-A076-7893DE176D6B}.Debug|Any CPU.ActiveCfg = Debug|Any CPU
		{1ACEF677-B6A0-4680-A076-7893DE176D6B}.Debug|Any CPU.Build.0 = Debug|Any CPU
		{1ACEF677-B6A0-4680-A076-7893DE176D6B}.Release|Any CPU.ActiveCfg = Release|Any CPU
		{1ACEF677-B6A0-4680-A076-7893DE176D6B}.Release|Any CPU.Build.0 = Release|Any CPU
		{4CBFC7D3-1600-4CE5-BC6B-AC7BC2D6F853}.CodeCov|Any CPU.ActiveCfg = Debug|Any CPU
		{4CBFC7D3-1600-4CE5-BC6B-AC7BC2D6F853}.CodeCov|Any CPU.Build.0 = Debug|Any CPU
		{4CBFC7D3-1600-4CE5-BC6B-AC7BC2D6F853}.CodeCoverage|Any CPU.ActiveCfg = Debug|Any CPU
		{4CBFC7D3-1600-4CE5-BC6B-AC7BC2D6F853}.CodeCoverage|Any CPU.Build.0 = Debug|Any CPU
		{4CBFC7D3-1600-4CE5-BC6B-AC7BC2D6F853}.Debug|Any CPU.ActiveCfg = Debug|Any CPU
		{4CBFC7D3-1600-4CE5-BC6B-AC7BC2D6F853}.Debug|Any CPU.Build.0 = Debug|Any CPU
		{4CBFC7D3-1600-4CE5-BC6B-AC7BC2D6F853}.Release|Any CPU.ActiveCfg = Debug|Any CPU
		{4CBFC7D3-1600-4CE5-BC6B-AC7BC2D6F853}.Release|Any CPU.Build.0 = Debug|Any CPU
		{694C6EDF-EA52-438F-B745-82B025ECC0E7}.CodeCov|Any CPU.ActiveCfg = CodeCoverage|Any CPU
		{694C6EDF-EA52-438F-B745-82B025ECC0E7}.CodeCov|Any CPU.Build.0 = CodeCoverage|Any CPU
		{694C6EDF-EA52-438F-B745-82B025ECC0E7}.CodeCoverage|Any CPU.ActiveCfg = CodeCoverage|Any CPU
		{694C6EDF-EA52-438F-B745-82B025ECC0E7}.CodeCoverage|Any CPU.Build.0 = CodeCoverage|Any CPU
		{694C6EDF-EA52-438F-B745-82B025ECC0E7}.Debug|Any CPU.ActiveCfg = Debug|Any CPU
		{694C6EDF-EA52-438F-B745-82B025ECC0E7}.Debug|Any CPU.Build.0 = Debug|Any CPU
		{694C6EDF-EA52-438F-B745-82B025ECC0E7}.Release|Any CPU.ActiveCfg = Release|Any CPU
		{694C6EDF-EA52-438F-B745-82B025ECC0E7}.Release|Any CPU.Build.0 = Release|Any CPU
		{7F29EE87-6A63-43C6-B7FF-74DD06815830}.CodeCov|Any CPU.ActiveCfg = Debug|Any CPU
		{7F29EE87-6A63-43C6-B7FF-74DD06815830}.CodeCov|Any CPU.Build.0 = Debug|Any CPU
		{7F29EE87-6A63-43C6-B7FF-74DD06815830}.CodeCoverage|Any CPU.ActiveCfg = Debug|Any CPU
		{7F29EE87-6A63-43C6-B7FF-74DD06815830}.CodeCoverage|Any CPU.Build.0 = Debug|Any CPU
		{7F29EE87-6A63-43C6-B7FF-74DD06815830}.Debug|Any CPU.ActiveCfg = Debug|Any CPU
		{7F29EE87-6A63-43C6-B7FF-74DD06815830}.Debug|Any CPU.Build.0 = Debug|Any CPU
		{7F29EE87-6A63-43C6-B7FF-74DD06815830}.Release|Any CPU.ActiveCfg = Debug|Any CPU
		{7F29EE87-6A63-43C6-B7FF-74DD06815830}.Release|Any CPU.Build.0 = Debug|Any CPU
	EndGlobalSection
	GlobalSection(SolutionProperties) = preSolution
		HideSolutionNode = FALSE
	EndGlobalSection
	GlobalSection(NestedProjects) = preSolution
		{8F18041B-9410-4C36-A9C5-067813DF5F31} = {C6BB435D-3220-4569-AF15-265C397A1F06}
		{22BABB60-8F02-4027-AFFC-ACF069954536} = {A9836F9E-6DB3-4D9F-ADCA-CF42D8C8BA93}
		{76EFA9C5-8D7E-4FDF-B710-E20F8B6B00D2} = {C6BB435D-3220-4569-AF15-265C397A1F06}
		{9B7E3740-6161-4548-833C-4BBCA43B970E} = {A9836F9E-6DB3-4D9F-ADCA-CF42D8C8BA93}
		{0939B11A-FE4E-4BA1-8AD6-D97741EE314F} = {A9836F9E-6DB3-4D9F-ADCA-CF42D8C8BA93}
		{0C7CE809-0F72-4C19-8C64-D6573E4D9521} = {A9836F9E-6DB3-4D9F-ADCA-CF42D8C8BA93}
		{C23F02FC-4538-43F5-ABBA-38BA069AEA8F} = {A9836F9E-6DB3-4D9F-ADCA-CF42D8C8BA93}
		{3D3FFD8A-624D-4E9B-954B-E1C105507975} = {C6BB435D-3220-4569-AF15-265C397A1F06}
		{D3CF7430-6DA4-42B0-BD90-CA39D16687B2} = {A9836F9E-6DB3-4D9F-ADCA-CF42D8C8BA93}
		{0BB62A1D-E6B5-49FA-9E3C-6AF679A66DFE} = {C6BB435D-3220-4569-AF15-265C397A1F06}
		{268DEE9D-F323-4A00-8ED8-3784388C3E3A} = {C40883CD-366D-4534-8B58-3EA0D13136DF}
		{0F4870DB-A799-4DBA-99DF-0D74BB52FEC2} = {C40883CD-366D-4534-8B58-3EA0D13136DF}
		{D3313BDF-8071-4AC8-9D98-ABF7F9E88A57} = {C40883CD-366D-4534-8B58-3EA0D13136DF}
		{66A74F3C-A106-4C1E-BAA0-001908FEA2CA} = {C40883CD-366D-4534-8B58-3EA0D13136DF}
		{2C653A66-8159-4A41-954F-A67915DFDA87} = {C40883CD-366D-4534-8B58-3EA0D13136DF}
		{8AC2A2E4-2F11-4D40-A887-62E2583A65E6} = {C40883CD-366D-4534-8B58-3EA0D13136DF}
		{6C28DA70-60F1-4442-967F-591BF3962EC5} = {C40883CD-366D-4534-8B58-3EA0D13136DF}
		{DDC1CE0C-486E-4E35-BB3B-EAB61F8F9440} = {1F3AB57F-9C98-4A16-AE6F-1AE8CED4C18C}
		{7F2C796F-43B2-4F8F-ABFF-A154EC8AAFA1} = {1F3AB57F-9C98-4A16-AE6F-1AE8CED4C18C}
		{F0441BE9-BDC0-4629-BE5A-8765FFAA2481} = {A9836F9E-6DB3-4D9F-ADCA-CF42D8C8BA93}
		{668E9021-CE84-49D9-98FB-DF125A9FCDB0} = {1F3AB57F-9C98-4A16-AE6F-1AE8CED4C18C}
		{FCCC4CB7-BAF7-4A57-9F89-E5766FE536C0} = {C6BB435D-3220-4569-AF15-265C397A1F06}
		{EB09CD33-992B-4A31-AB95-8673BA90F1CD} = {C40883CD-366D-4534-8B58-3EA0D13136DF}
		{7AF77741-9158-4D5F-8782-8F21FADF025F} = {1F3AB57F-9C98-4A16-AE6F-1AE8CED4C18C}
		{A7B1264E-BCE5-42A8-8B5E-001A5360B128} = {C40883CD-366D-4534-8B58-3EA0D13136DF}
		{6C18CC83-1E4C-42D2-B93E-55D6C363850C} = {C40883CD-366D-4534-8B58-3EA0D13136DF}
		{66492E69-CE4C-4FB1-9B1F-88DEE09D06F1} = {1F3AB57F-9C98-4A16-AE6F-1AE8CED4C18C}
		{A0187BC2-8325-4BB2-8697-7F955CF4173E} = {1F3AB57F-9C98-4A16-AE6F-1AE8CED4C18C}
		{ACE91549-D86E-4EB6-8C2A-5FF51386BB68} = {A9836F9E-6DB3-4D9F-ADCA-CF42D8C8BA93}
		{81876811-6C36-492A-9609-F0E85990FBC9} = {C40883CD-366D-4534-8B58-3EA0D13136DF}
		{3267DFC6-B34D-4011-BC0F-D3B56AF6F608} = {C40883CD-366D-4534-8B58-3EA0D13136DF}
		{EA62944F-BD25-4730-9405-9BE8FF5BEACD} = {C40883CD-366D-4534-8B58-3EA0D13136DF}
		{B6895A1B-382F-4A69-99EC-E965E19B0AB3} = {A9836F9E-6DB3-4D9F-ADCA-CF42D8C8BA93}
		{1ACEF677-B6A0-4680-A076-7893DE176D6B} = {C40883CD-366D-4534-8B58-3EA0D13136DF}
		{4CBFC7D3-1600-4CE5-BC6B-AC7BC2D6F853} = {A9836F9E-6DB3-4D9F-ADCA-CF42D8C8BA93}
		{694C6EDF-EA52-438F-B745-82B025ECC0E7} = {C40883CD-366D-4534-8B58-3EA0D13136DF}
		{7F29EE87-6A63-43C6-B7FF-74DD06815830} = {C40883CD-366D-4534-8B58-3EA0D13136DF}
	EndGlobalSection
	GlobalSection(ExtensibilityGlobals) = postSolution
		SolutionGuid = {123C7991-03A5-4682-B778-A58849D83F05}
	EndGlobalSection
EndGlobal
