
Microsoft Visual Studio Solution File, Format Version 12.00
# Visual Studio Version 16
VisualStudioVersion = 16.0.28729.10
MinimumVisualStudioVersion = 10.0.40219.1
Project("{2150E333-8FDC-42A3-9474-1A3956D46DE8}") = "src", "src", "{A9836F9E-6DB3-4D9F-ADCA-CF42D8C8BA93}"
	ProjectSection(SolutionItems) = preProject
		Directory.Build.props = Directory.Build.props
		Directory.Build.targets = Directory.Build.targets
		Runtime.msbuild = Runtime.msbuild
		Runtime.xunit = Runtime.xunit
	EndProjectSection
EndProject
Project("{9A19103F-16F7-4668-BE54-9A1E7A4F7556}") = "System.Web.Razor", "src\System.Web.Razor\System.Web.Razor.csproj", "{8F18041B-9410-4C36-A9C5-067813DF5F31}"
EndProject
Project("{FAE04EC0-301F-11D3-BF4B-00C04F79EFBC}") = "System.Web.WebPages.Deployment", "src\System.Web.WebPages.Deployment\System.Web.WebPages.Deployment.csproj", "{22BABB60-8F02-4027-AFFC-ACF069954536}"
EndProject
Project("{FAE04EC0-301F-11D3-BF4B-00C04F79EFBC}") = "System.Web.WebPages", "src\System.Web.WebPages\System.Web.WebPages.csproj", "{76EFA9C5-8D7E-4FDF-B710-E20F8B6B00D2}"
EndProject
Project("{FAE04EC0-301F-11D3-BF4B-00C04F79EFBC}") = "System.Web.Helpers", "src\System.Web.Helpers\System.Web.Helpers.csproj", "{9B7E3740-6161-4548-833C-4BBCA43B970E}"
EndProject
Project("{FAE04EC0-301F-11D3-BF4B-00C04F79EFBC}") = "System.Web.WebPages.Razor", "src\System.Web.WebPages.Razor\System.Web.WebPages.Razor.csproj", "{0939B11A-FE4E-4BA1-8AD6-D97741EE314F}"
EndProject
Project("{FAE04EC0-301F-11D3-BF4B-00C04F79EFBC}") = "System.Web.Mvc", "src\System.Web.Mvc\System.Web.Mvc.csproj", "{3D3FFD8A-624D-4E9B-954B-E1C105507975}"
EndProject
Project("{FAE04EC0-301F-11D3-BF4B-00C04F79EFBC}") = "Microsoft.Web.Mvc", "src\Microsoft.Web.Mvc\Microsoft.Web.Mvc.csproj", "{D3CF7430-6DA4-42B0-BD90-CA39D16687B2}"
EndProject
Project("{9A19103F-16F7-4668-BE54-9A1E7A4F7556}") = "System.Web.Http", "src\System.Web.Http\System.Web.Http.csproj", "{DDC1CE0C-486E-4E35-BB3B-EAB61F8F9440}"
EndProject
Project("{9A19103F-16F7-4668-BE54-9A1E7A4F7556}") = "System.Web.Http.Test", "test\System.Web.Http.Test\System.Web.Http.Test.csproj", "{7F2C796F-43B2-4F8F-ABFF-A154EC8AAFA1}"
EndProject
Project("{FAE04EC0-301F-11D3-BF4B-00C04F79EFBC}") = "System.Json", "src\System.Json\System.Json.csproj", "{F0441BE9-BDC0-4629-BE5A-8765FFAA2481}"
EndProject
Project("{9A19103F-16F7-4668-BE54-9A1E7A4F7556}") = "System.Net.Http.Formatting", "src\System.Net.Http.Formatting\System.Net.Http.Formatting.csproj", "{668E9021-CE84-49D9-98FB-DF125A9FCDB0}"
EndProject
Project("{9A19103F-16F7-4668-BE54-9A1E7A4F7556}") = "Microsoft.TestCommon", "test\Microsoft.TestCommon\Microsoft.TestCommon.csproj", "{FCCC4CB7-BAF7-4A57-9F89-E5766FE536C0}"
EndProject
Project("{9A19103F-16F7-4668-BE54-9A1E7A4F7556}") = "System.Net.Http.Formatting.Test.Unit", "test\System.Net.Http.Formatting.Test.Unit\System.Net.Http.Formatting.Test.Unit.csproj", "{7AF77741-9158-4D5F-8782-8F21FADF025F}"
EndProject
Project("{FAE04EC0-301F-11D3-BF4B-00C04F79EFBC}") = "System.Web.Http.SelfHost", "src\System.Web.Http.SelfHost\System.Web.Http.SelfHost.csproj", "{66492E69-CE4C-4FB1-9B1F-88DEE09D06F1}"
EndProject
Project("{FAE04EC0-301F-11D3-BF4B-00C04F79EFBC}") = "System.Web.Http.WebHost", "src\System.Web.Http.WebHost\System.Web.Http.WebHost.csproj", "{A0187BC2-8325-4BB2-8697-7F955CF4173E}"
EndProject
Project("{FAE04EC0-301F-11D3-BF4B-00C04F79EFBC}") = "Microsoft.Web.WebPages.OAuth", "src\Microsoft.Web.WebPages.OAuth\Microsoft.Web.WebPages.OAuth.csproj", "{4CBFC7D3-1600-4CE5-BC6B-AC7BC2D6F853}"
EndProject
Project("{2150E333-8FDC-42A3-9474-1A3956D46DE8}") = "Mvc", "Mvc", "{C6BB435D-3220-4569-AF15-265C397A1F06}"
EndProject
Project("{2150E333-8FDC-42A3-9474-1A3956D46DE8}") = "Http", "Http", "{1F3AB57F-9C98-4A16-AE6F-1AE8CED4C18C}"
EndProject
Global
	GlobalSection(SolutionConfigurationPlatforms) = preSolution
		CodeCov|Any CPU = CodeCov|Any CPU
		CodeCoverage|Any CPU = CodeCoverage|Any CPU
		Debug|Any CPU = Debug|Any CPU
		Release|Any CPU = Release|Any CPU
	EndGlobalSection
	GlobalSection(ProjectConfigurationPlatforms) = postSolution
		{8F18041B-9410-4C36-A9C5-067813DF5F31}.CodeCov|Any CPU.ActiveCfg = Debug|Any CPU
		{8F18041B-9410-4C36-A9C5-067813DF5F31}.CodeCov|Any CPU.Build.0 = Debug|Any CPU
		{8F18041B-9410-4C36-A9C5-067813DF5F31}.CodeCoverage|Any CPU.ActiveCfg = Release|Any CPU
		{8F18041B-9410-4C36-A9C5-067813DF5F31}.CodeCoverage|Any CPU.Build.0 = Release|Any CPU
		{8F18041B-9410-4C36-A9C5-067813DF5F31}.Debug|Any CPU.ActiveCfg = Debug|Any CPU
		{8F18041B-9410-4C36-A9C5-067813DF5F31}.Debug|Any CPU.Build.0 = Debug|Any CPU
		{8F18041B-9410-4C36-A9C5-067813DF5F31}.Release|Any CPU.ActiveCfg = Debug|Any CPU
		{8F18041B-9410-4C36-A9C5-067813DF5F31}.Release|Any CPU.Build.0 = Debug|Any CPU
		{22BABB60-8F02-4027-AFFC-ACF069954536}.CodeCov|Any CPU.ActiveCfg = CodeCoverage|Any CPU
		{22BABB60-8F02-4027-AFFC-ACF069954536}.CodeCov|Any CPU.Build.0 = CodeCoverage|Any CPU
		{22BABB60-8F02-4027-AFFC-ACF069954536}.CodeCoverage|Any CPU.ActiveCfg = CodeCoverage|Any CPU
		{22BABB60-8F02-4027-AFFC-ACF069954536}.CodeCoverage|Any CPU.Build.0 = CodeCoverage|Any CPU
		{22BABB60-8F02-4027-AFFC-ACF069954536}.Debug|Any CPU.ActiveCfg = Debug|Any CPU
		{22BABB60-8F02-4027-AFFC-ACF069954536}.Debug|Any CPU.Build.0 = Debug|Any CPU
		{22BABB60-8F02-4027-AFFC-ACF069954536}.Release|Any CPU.ActiveCfg = Release|Any CPU
		{22BABB60-8F02-4027-AFFC-ACF069954536}.Release|Any CPU.Build.0 = Release|Any CPU
		{76EFA9C5-8D7E-4FDF-B710-E20F8B6B00D2}.CodeCov|Any CPU.ActiveCfg = Debug|Any CPU
		{76EFA9C5-8D7E-4FDF-B710-E20F8B6B00D2}.CodeCov|Any CPU.Build.0 = Debug|Any CPU
		{76EFA9C5-8D7E-4FDF-B710-E20F8B6B00D2}.CodeCoverage|Any CPU.ActiveCfg = Debug|Any CPU
		{76EFA9C5-8D7E-4FDF-B710-E20F8B6B00D2}.CodeCoverage|Any CPU.Build.0 = Debug|Any CPU
		{76EFA9C5-8D7E-4FDF-B710-E20F8B6B00D2}.Debug|Any CPU.ActiveCfg = Debug|Any CPU
		{76EFA9C5-8D7E-4FDF-B710-E20F8B6B00D2}.Debug|Any CPU.Build.0 = Debug|Any CPU
		{76EFA9C5-8D7E-4FDF-B710-E20F8B6B00D2}.Release|Any CPU.ActiveCfg = Debug|Any CPU
		{76EFA9C5-8D7E-4FDF-B710-E20F8B6B00D2}.Release|Any CPU.Build.0 = Debug|Any CPU
		{9B7E3740-6161-4548-833C-4BBCA43B970E}.CodeCov|Any CPU.ActiveCfg = Debug|Any CPU
		{9B7E3740-6161-4548-833C-4BBCA43B970E}.CodeCov|Any CPU.Build.0 = Debug|Any CPU
		{9B7E3740-6161-4548-833C-4BBCA43B970E}.CodeCoverage|Any CPU.ActiveCfg = Debug|Any CPU
		{9B7E3740-6161-4548-833C-4BBCA43B970E}.CodeCoverage|Any CPU.Build.0 = Debug|Any CPU
		{9B7E3740-6161-4548-833C-4BBCA43B970E}.Debug|Any CPU.ActiveCfg = Debug|Any CPU
		{9B7E3740-6161-4548-833C-4BBCA43B970E}.Debug|Any CPU.Build.0 = Debug|Any CPU
		{9B7E3740-6161-4548-833C-4BBCA43B970E}.Release|Any CPU.ActiveCfg = Debug|Any CPU
		{9B7E3740-6161-4548-833C-4BBCA43B970E}.Release|Any CPU.Build.0 = Debug|Any CPU
		{0939B11A-FE4E-4BA1-8AD6-D97741EE314F}.CodeCov|Any CPU.ActiveCfg = Debug|Any CPU
		{0939B11A-FE4E-4BA1-8AD6-D97741EE314F}.CodeCov|Any CPU.Build.0 = Debug|Any CPU
		{0939B11A-FE4E-4BA1-8AD6-D97741EE314F}.CodeCoverage|Any CPU.ActiveCfg = Debug|Any CPU
		{0939B11A-FE4E-4BA1-8AD6-D97741EE314F}.CodeCoverage|Any CPU.Build.0 = Debug|Any CPU
		{0939B11A-FE4E-4BA1-8AD6-D97741EE314F}.Debug|Any CPU.ActiveCfg = Debug|Any CPU
		{0939B11A-FE4E-4BA1-8AD6-D97741EE314F}.Debug|Any CPU.Build.0 = Debug|Any CPU
		{0939B11A-FE4E-4BA1-8AD6-D97741EE314F}.Release|Any CPU.ActiveCfg = Debug|Any CPU
		{0939B11A-FE4E-4BA1-8AD6-D97741EE314F}.Release|Any CPU.Build.0 = Debug|Any CPU
		{3D3FFD8A-624D-4E9B-954B-E1C105507975}.CodeCov|Any CPU.ActiveCfg = Debug|Any CPU
		{3D3FFD8A-624D-4E9B-954B-E1C105507975}.CodeCov|Any CPU.Build.0 = Debug|Any CPU
		{3D3FFD8A-624D-4E9B-954B-E1C105507975}.CodeCoverage|Any CPU.ActiveCfg = Debug|Any CPU
		{3D3FFD8A-624D-4E9B-954B-E1C105507975}.CodeCoverage|Any CPU.Build.0 = Debug|Any CPU
		{3D3FFD8A-624D-4E9B-954B-E1C105507975}.Debug|Any CPU.ActiveCfg = Debug|Any CPU
		{3D3FFD8A-624D-4E9B-954B-E1C105507975}.Debug|Any CPU.Build.0 = Debug|Any CPU
		{3D3FFD8A-624D-4E9B-954B-E1C105507975}.Release|Any CPU.ActiveCfg = Debug|Any CPU
		{3D3FFD8A-624D-4E9B-954B-E1C105507975}.Release|Any CPU.Build.0 = Debug|Any CPU
		{D3CF7430-6DA4-42B0-BD90-CA39D16687B2}.CodeCov|Any CPU.ActiveCfg = Debug|Any CPU
		{D3CF7430-6DA4-42B0-BD90-CA39D16687B2}.CodeCov|Any CPU.Build.0 = Debug|Any CPU
		{D3CF7430-6DA4-42B0-BD90-CA39D16687B2}.CodeCoverage|Any CPU.ActiveCfg = Debug|Any CPU
		{D3CF7430-6DA4-42B0-BD90-CA39D16687B2}.CodeCoverage|Any CPU.Build.0 = Debug|Any CPU
		{D3CF7430-6DA4-42B0-BD90-CA39D16687B2}.Debug|Any CPU.ActiveCfg = Debug|Any CPU
		{D3CF7430-6DA4-42B0-BD90-CA39D16687B2}.Debug|Any CPU.Build.0 = Debug|Any CPU
		{D3CF7430-6DA4-42B0-BD90-CA39D16687B2}.Release|Any CPU.ActiveCfg = Debug|Any CPU
		{D3CF7430-6DA4-42B0-BD90-CA39D16687B2}.Release|Any CPU.Build.0 = Debug|Any CPU
		{DDC1CE0C-486E-4E35-BB3B-EAB61F8F9440}.CodeCov|Any CPU.ActiveCfg = Debug|Any CPU
		{DDC1CE0C-486E-4E35-BB3B-EAB61F8F9440}.CodeCov|Any CPU.Build.0 = Debug|Any CPU
		{DDC1CE0C-486E-4E35-BB3B-EAB61F8F9440}.CodeCoverage|Any CPU.ActiveCfg = Release|Any CPU
		{DDC1CE0C-486E-4E35-BB3B-EAB61F8F9440}.CodeCoverage|Any CPU.Build.0 = Release|Any CPU
		{DDC1CE0C-486E-4E35-BB3B-EAB61F8F9440}.Debug|Any CPU.ActiveCfg = Debug|Any CPU
		{DDC1CE0C-486E-4E35-BB3B-EAB61F8F9440}.Debug|Any CPU.Build.0 = Debug|Any CPU
		{DDC1CE0C-486E-4E35-BB3B-EAB61F8F9440}.Release|Any CPU.ActiveCfg = Debug|Any CPU
		{DDC1CE0C-486E-4E35-BB3B-EAB61F8F9440}.Release|Any CPU.Build.0 = Debug|Any CPU
		{7F2C796F-43B2-4F8F-ABFF-A154EC8AAFA1}.CodeCov|Any CPU.ActiveCfg = Debug|Any CPU
		{7F2C796F-43B2-4F8F-ABFF-A154EC8AAFA1}.CodeCov|Any CPU.Build.0 = Debug|Any CPU
		{7F2C796F-43B2-4F8F-ABFF-A154EC8AAFA1}.CodeCoverage|Any CPU.ActiveCfg = Release|Any CPU
		{7F2C796F-43B2-4F8F-ABFF-A154EC8AAFA1}.CodeCoverage|Any CPU.Build.0 = Release|Any CPU
		{7F2C796F-43B2-4F8F-ABFF-A154EC8AAFA1}.Debug|Any CPU.ActiveCfg = Debug|Any CPU
		{7F2C796F-43B2-4F8F-ABFF-A154EC8AAFA1}.Debug|Any CPU.Build.0 = Debug|Any CPU
		{7F2C796F-43B2-4F8F-ABFF-A154EC8AAFA1}.Release|Any CPU.ActiveCfg = Debug|Any CPU
		{7F2C796F-43B2-4F8F-ABFF-A154EC8AAFA1}.Release|Any CPU.Build.0 = Debug|Any CPU
		{F0441BE9-BDC0-4629-BE5A-8765FFAA2481}.CodeCov|Any CPU.ActiveCfg = CodeCoverage|Any CPU
		{F0441BE9-BDC0-4629-BE5A-8765FFAA2481}.CodeCov|Any CPU.Build.0 = CodeCoverage|Any CPU
		{F0441BE9-BDC0-4629-BE5A-8765FFAA2481}.CodeCoverage|Any CPU.ActiveCfg = CodeCoverage|Any CPU
		{F0441BE9-BDC0-4629-BE5A-8765FFAA2481}.CodeCoverage|Any CPU.Build.0 = CodeCoverage|Any CPU
		{F0441BE9-BDC0-4629-BE5A-8765FFAA2481}.Debug|Any CPU.ActiveCfg = Debug|Any CPU
		{F0441BE9-BDC0-4629-BE5A-8765FFAA2481}.Debug|Any CPU.Build.0 = Debug|Any CPU
		{F0441BE9-BDC0-4629-BE5A-8765FFAA2481}.Release|Any CPU.ActiveCfg = Release|Any CPU
		{F0441BE9-BDC0-4629-BE5A-8765FFAA2481}.Release|Any CPU.Build.0 = Release|Any CPU
		{668E9021-CE84-49D9-98FB-DF125A9FCDB0}.CodeCov|Any CPU.ActiveCfg = Debug|Any CPU
		{668E9021-CE84-49D9-98FB-DF125A9FCDB0}.CodeCov|Any CPU.Build.0 = Debug|Any CPU
		{668E9021-CE84-49D9-98FB-DF125A9FCDB0}.CodeCoverage|Any CPU.ActiveCfg = Release|Any CPU
		{668E9021-CE84-49D9-98FB-DF125A9FCDB0}.CodeCoverage|Any CPU.Build.0 = Release|Any CPU
		{668E9021-CE84-49D9-98FB-DF125A9FCDB0}.Debug|Any CPU.ActiveCfg = Debug|Any CPU
		{668E9021-CE84-49D9-98FB-DF125A9FCDB0}.Debug|Any CPU.Build.0 = Debug|Any CPU
		{668E9021-CE84-49D9-98FB-DF125A9FCDB0}.Release|Any CPU.ActiveCfg = Release|Any CPU
		{668E9021-CE84-49D9-98FB-DF125A9FCDB0}.Release|Any CPU.Build.0 = Release|Any CPU
		{FCCC4CB7-BAF7-4A57-9F89-E5766FE536C0}.CodeCov|Any CPU.ActiveCfg = Debug|Any CPU
		{FCCC4CB7-BAF7-4A57-9F89-E5766FE536C0}.CodeCov|Any CPU.Build.0 = Debug|Any CPU
		{FCCC4CB7-BAF7-4A57-9F89-E5766FE536C0}.CodeCoverage|Any CPU.ActiveCfg = Release|Any CPU
		{FCCC4CB7-BAF7-4A57-9F89-E5766FE536C0}.CodeCoverage|Any CPU.Build.0 = Release|Any CPU
		{FCCC4CB7-BAF7-4A57-9F89-E5766FE536C0}.Debug|Any CPU.ActiveCfg = Debug|Any CPU
		{FCCC4CB7-BAF7-4A57-9F89-E5766FE536C0}.Debug|Any CPU.Build.0 = Debug|Any CPU
		{FCCC4CB7-BAF7-4A57-9F89-E5766FE536C0}.Release|Any CPU.ActiveCfg = Debug|Any CPU
		{FCCC4CB7-BAF7-4A57-9F89-E5766FE536C0}.Release|Any CPU.Build.0 = Debug|Any CPU
		{7AF77741-9158-4D5F-8782-8F21FADF025F}.CodeCov|Any CPU.ActiveCfg = Debug|Any CPU
		{7AF77741-9158-4D5F-8782-8F21FADF025F}.CodeCov|Any CPU.Build.0 = Debug|Any CPU
		{7AF77741-9158-4D5F-8782-8F21FADF025F}.CodeCoverage|Any CPU.ActiveCfg = Release|Any CPU
		{7AF77741-9158-4D5F-8782-8F21FADF025F}.CodeCoverage|Any CPU.Build.0 = Release|Any CPU
		{7AF77741-9158-4D5F-8782-8F21FADF025F}.Debug|Any CPU.ActiveCfg = Debug|Any CPU
		{7AF77741-9158-4D5F-8782-8F21FADF025F}.Debug|Any CPU.Build.0 = Debug|Any CPU
		{7AF77741-9158-4D5F-8782-8F21FADF025F}.Release|Any CPU.ActiveCfg = Release|Any CPU
		{7AF77741-9158-4D5F-8782-8F21FADF025F}.Release|Any CPU.Build.0 = Release|Any CPU
		{66492E69-CE4C-4FB1-9B1F-88DEE09D06F1}.CodeCov|Any CPU.ActiveCfg = Debug|Any CPU
		{66492E69-CE4C-4FB1-9B1F-88DEE09D06F1}.CodeCov|Any CPU.Build.0 = Debug|Any CPU
		{66492E69-CE4C-4FB1-9B1F-88DEE09D06F1}.CodeCoverage|Any CPU.ActiveCfg = Debug|Any CPU
		{66492E69-CE4C-4FB1-9B1F-88DEE09D06F1}.CodeCoverage|Any CPU.Build.0 = Debug|Any CPU
		{66492E69-CE4C-4FB1-9B1F-88DEE09D06F1}.Debug|Any CPU.ActiveCfg = Debug|Any CPU
		{66492E69-CE4C-4FB1-9B1F-88DEE09D06F1}.Debug|Any CPU.Build.0 = Debug|Any CPU
		{66492E69-CE4C-4FB1-9B1F-88DEE09D06F1}.Release|Any CPU.ActiveCfg = Debug|Any CPU
		{66492E69-CE4C-4FB1-9B1F-88DEE09D06F1}.Release|Any CPU.Build.0 = Debug|Any CPU
		{A0187BC2-8325-4BB2-8697-7F955CF4173E}.CodeCov|Any CPU.ActiveCfg = Debug|Any CPU
		{A0187BC2-8325-4BB2-8697-7F955CF4173E}.CodeCov|Any CPU.Build.0 = Debug|Any CPU
		{A0187BC2-8325-4BB2-8697-7F955CF4173E}.CodeCoverage|Any CPU.ActiveCfg = Debug|Any CPU
		{A0187BC2-8325-4BB2-8697-7F955CF4173E}.CodeCoverage|Any CPU.Build.0 = Debug|Any CPU
		{A0187BC2-8325-4BB2-8697-7F955CF4173E}.Debug|Any CPU.ActiveCfg = Debug|Any CPU
		{A0187BC2-8325-4BB2-8697-7F955CF4173E}.Debug|Any CPU.Build.0 = Debug|Any CPU
		{A0187BC2-8325-4BB2-8697-7F955CF4173E}.Release|Any CPU.ActiveCfg = Debug|Any CPU
		{A0187BC2-8325-4BB2-8697-7F955CF4173E}.Release|Any CPU.Build.0 = Debug|Any CPU
		{4CBFC7D3-1600-4CE5-BC6B-AC7BC2D6F853}.CodeCov|Any CPU.ActiveCfg = Debug|Any CPU
		{4CBFC7D3-1600-4CE5-BC6B-AC7BC2D6F853}.CodeCov|Any CPU.Build.0 = Debug|Any CPU
		{4CBFC7D3-1600-4CE5-BC6B-AC7BC2D6F853}.CodeCoverage|Any CPU.ActiveCfg = Debug|Any CPU
		{4CBFC7D3-1600-4CE5-BC6B-AC7BC2D6F853}.CodeCoverage|Any CPU.Build.0 = Debug|Any CPU
		{4CBFC7D3-1600-4CE5-BC6B-AC7BC2D6F853}.Debug|Any CPU.ActiveCfg = Debug|Any CPU
		{4CBFC7D3-1600-4CE5-BC6B-AC7BC2D6F853}.Debug|Any CPU.Build.0 = Debug|Any CPU
		{4CBFC7D3-1600-4CE5-BC6B-AC7BC2D6F853}.Release|Any CPU.ActiveCfg = Debug|Any CPU
		{4CBFC7D3-1600-4CE5-BC6B-AC7BC2D6F853}.Release|Any CPU.Build.0 = Debug|Any CPU
	EndGlobalSection
	GlobalSection(SolutionProperties) = preSolution
		HideSolutionNode = FALSE
	EndGlobalSection
	GlobalSection(NestedProjects) = preSolution
		{8F18041B-9410-4C36-A9C5-067813DF5F31} = {C6BB435D-3220-4569-AF15-265C397A1F06}
		{22BABB60-8F02-4027-AFFC-ACF069954536} = {A9836F9E-6DB3-4D9F-ADCA-CF42D8C8BA93}
		{76EFA9C5-8D7E-4FDF-B710-E20F8B6B00D2} = {C6BB435D-3220-4569-AF15-265C397A1F06}
		{9B7E3740-6161-4548-833C-4BBCA43B970E} = {A9836F9E-6DB3-4D9F-ADCA-CF42D8C8BA93}
		{0939B11A-FE4E-4BA1-8AD6-D97741EE314F} = {A9836F9E-6DB3-4D9F-ADCA-CF42D8C8BA93}
		{3D3FFD8A-624D-4E9B-954B-E1C105507975} = {C6BB435D-3220-4569-AF15-265C397A1F06}
		{D3CF7430-6DA4-42B0-BD90-CA39D16687B2} = {A9836F9E-6DB3-4D9F-ADCA-CF42D8C8BA93}
		{DDC1CE0C-486E-4E35-BB3B-EAB61F8F9440} = {1F3AB57F-9C98-4A16-AE6F-1AE8CED4C18C}
		{7F2C796F-43B2-4F8F-ABFF-A154EC8AAFA1} = {1F3AB57F-9C98-4A16-AE6F-1AE8CED4C18C}
		{F0441BE9-BDC0-4629-BE5A-8765FFAA2481} = {A9836F9E-6DB3-4D9F-ADCA-CF42D8C8BA93}
		{668E9021-CE84-49D9-98FB-DF125A9FCDB0} = {1F3AB57F-9C98-4A16-AE6F-1AE8CED4C18C}
		{FCCC4CB7-BAF7-4A57-9F89-E5766FE536C0} = {C6BB435D-3220-4569-AF15-265C397A1F06}
		{7AF77741-9158-4D5F-8782-8F21FADF025F} = {1F3AB57F-9C98-4A16-AE6F-1AE8CED4C18C}
		{66492E69-CE4C-4FB1-9B1F-88DEE09D06F1} = {1F3AB57F-9C98-4A16-AE6F-1AE8CED4C18C}
		{A0187BC2-8325-4BB2-8697-7F955CF4173E} = {1F3AB57F-9C98-4A16-AE6F-1AE8CED4C18C}
		{4CBFC7D3-1600-4CE5-BC6B-AC7BC2D6F853} = {A9836F9E-6DB3-4D9F-ADCA-CF42D8C8BA93}
	EndGlobalSection
	GlobalSection(ExtensibilityGlobals) = postSolution
		SolutionGuid = {123C7991-03A5-4682-B778-A58849D83F05}
	EndGlobalSection
EndGlobal
